
Microsoft Visual Studio Solution File, Format Version 12.00
# Visual Studio Version 17
VisualStudioVersion = 17.7.34031.279
MinimumVisualStudioVersion = 10.0.40219.1
Project("{FAE04EC0-301F-11D3-BF4B-00C04F79EFBC}") = "Array Methods2", "Array Methods2\Array Methods2.csproj", "{11042433-DF0F-4537-A1FE-332A41819B21}"
EndProject
Global
	GlobalSection(SolutionConfigurationPlatforms) = preSolution
		Debug|Any CPU = Debug|Any CPU
		Release|Any CPU = Release|Any CPU
	EndGlobalSection
	GlobalSection(ProjectConfigurationPlatforms) = postSolution
		{11042433-DF0F-4537-A1FE-332A41819B21}.Debug|Any CPU.ActiveCfg = Debug|Any CPU
		{11042433-DF0F-4537-A1FE-332A41819B21}.Debug|Any CPU.Build.0 = Debug|Any CPU
		{11042433-DF0F-4537-A1FE-332A41819B21}.Release|Any CPU.ActiveCfg = Release|Any CPU
		{11042433-DF0F-4537-A1FE-332A41819B21}.Release|Any CPU.Build.0 = Release|Any CPU
	EndGlobalSection
	GlobalSection(SolutionProperties) = preSolution
		HideSolutionNode = FALSE
	EndGlobalSection
	GlobalSection(ExtensibilityGlobals) = postSolution
		SolutionGuid = {FA3D816D-4CF7-4AED-B6EB-E1E21149F893}
	EndGlobalSection
EndGlobal
